
Microsoft Visual Studio Solution File, Format Version 12.00
# Visual Studio Version 17
VisualStudioVersion = 17.0.32014.148
MinimumVisualStudioVersion = 10.0.40219.1
Project("{FAE04EC0-301F-11D3-BF4B-00C04F79EFBC}") = "ImportCSVRazorSample", "ImportCSVRazorSample\ImportCSVRazorSample.csproj", "{9655BE3C-1E77-4AAE-A732-BB72D8F5A326}"
EndProject
Global
	GlobalSection(SolutionConfigurationPlatforms) = preSolution
		Debug|Any CPU = Debug|Any CPU
		Release|Any CPU = Release|Any CPU
	EndGlobalSection
	GlobalSection(ProjectConfigurationPlatforms) = postSolution
		{9655BE3C-1E77-4AAE-A732-BB72D8F5A326}.Debug|Any CPU.ActiveCfg = Debug|Any CPU
		{9655BE3C-1E77-4AAE-A732-BB72D8F5A326}.Debug|Any CPU.Build.0 = Debug|Any CPU
		{9655BE3C-1E77-4AAE-A732-BB72D8F5A326}.Release|Any CPU.ActiveCfg = Release|Any CPU
		{9655BE3C-1E77-4AAE-A732-BB72D8F5A326}.Release|Any CPU.Build.0 = Release|Any CPU
	EndGlobalSection
	GlobalSection(SolutionProperties) = preSolution
		HideSolutionNode = FALSE
	EndGlobalSection
	GlobalSection(ExtensibilityGlobals) = postSolution
		SolutionGuid = {77AED914-E24E-4CAB-9122-6AD7BDB22E34}
	EndGlobalSection
EndGlobal
